// !$*UTF8*$!
{
	archiveVersion = 1;
	classes = {
	};
	objectVersion = 46;
	objects = {

/* Begin PBXBuildFile section */
		584B64D61E5D9A8000D31B7B /* main.m in Sources */ = {isa = PBXBuildFile; fileRef = 584B64D51E5D9A8000D31B7B /* main.m */; };
		584B64D91E5D9A8000D31B7B /* AppDelegate.m in Sources */ = {isa = PBXBuildFile; fileRef = 584B64D81E5D9A8000D31B7B /* AppDelegate.m */; };
		584B64DC1E5D9A8000D31B7B /* ViewController.m in Sources */ = {isa = PBXBuildFile; fileRef = 584B64DB1E5D9A8000D31B7B /* ViewController.m */; };
		584B64DF1E5D9A8000D31B7B /* Main.storyboard in Resources */ = {isa = PBXBuildFile; fileRef = 584B64DD1E5D9A8000D31B7B /* Main.storyboard */; };
		584B64E11E5D9A8000D31B7B /* Assets.xcassets in Resources */ = {isa = PBXBuildFile; fileRef = 584B64E01E5D9A8000D31B7B /* Assets.xcassets */; };
		584B64E41E5D9A8000D31B7B /* LaunchScreen.storyboard in Resources */ = {isa = PBXBuildFile; fileRef = 584B64E21E5D9A8000D31B7B /* LaunchScreen.storyboard */; };
		584B64EF1E5D9A8000D31B7B /* ZKAlertViewTests.m in Sources */ = {isa = PBXBuildFile; fileRef = 584B64EE1E5D9A8000D31B7B /* ZKAlertViewTests.m */; };
		584B64FA1E5D9A8100D31B7B /* ZKAlertViewUITests.m in Sources */ = {isa = PBXBuildFile; fileRef = 584B64F91E5D9A8100D31B7B /* ZKAlertViewUITests.m */; };
		584B650B1E5D9AF200D31B7B /* ZKAlertView.bundle in Resources */ = {isa = PBXBuildFile; fileRef = 584B65081E5D9AF200D31B7B /* ZKAlertView.bundle */; };
		584B650C1E5D9AF200D31B7B /* ZKAlertView.m in Sources */ = {isa = PBXBuildFile; fileRef = 584B650A1E5D9AF200D31B7B /* ZKAlertView.m */; };
/* End PBXBuildFile section */

/* Begin PBXContainerItemProxy section */
		584B64EB1E5D9A8000D31B7B /* PBXContainerItemProxy */ = {
			isa = PBXContainerItemProxy;
			containerPortal = 584B64C91E5D9A8000D31B7B /* Project object */;
			proxyType = 1;
			remoteGlobalIDString = 584B64D01E5D9A8000D31B7B;
			remoteInfo = ZKAlertView;
		};
		584B64F61E5D9A8100D31B7B /* PBXContainerItemProxy */ = {
			isa = PBXContainerItemProxy;
			containerPortal = 584B64C91E5D9A8000D31B7B /* Project object */;
			proxyType = 1;
			remoteGlobalIDString = 584B64D01E5D9A8000D31B7B;
			remoteInfo = ZKAlertView;
		};
/* End PBXContainerItemProxy section */

/* Begin PBXFileReference section */
		584B64D11E5D9A8000D31B7B /* ZKAlertView.app */ = {isa = PBXFileReference; explicitFileType = wrapper.application; includeInIndex = 0; path = ZKAlertView.app; sourceTree = BUILT_PRODUCTS_DIR; };
		584B64D51E5D9A8000D31B7B /* main.m */ = {isa = PBXFileReference; lastKnownFileType = sourcecode.c.objc; path = main.m; sourceTree = "<group>"; };
		584B64D71E5D9A8000D31B7B /* AppDelegate.h */ = {isa = PBXFileReference; lastKnownFileType = sourcecode.c.h; path = AppDelegate.h; sourceTree = "<group>"; };
		584B64D81E5D9A8000D31B7B /* AppDelegate.m */ = {isa = PBXFileReference; lastKnownFileType = sourcecode.c.objc; path = AppDelegate.m; sourceTree = "<group>"; };
		584B64DA1E5D9A8000D31B7B /* ViewController.h */ = {isa = PBXFileReference; lastKnownFileType = sourcecode.c.h; path = ViewController.h; sourceTree = "<group>"; };
		584B64DB1E5D9A8000D31B7B /* ViewController.m */ = {isa = PBXFileReference; lastKnownFileType = sourcecode.c.objc; path = ViewController.m; sourceTree = "<group>"; };
		584B64DE1E5D9A8000D31B7B /* Base */ = {isa = PBXFileReference; lastKnownFileType = file.storyboard; name = Base; path = Base.lproj/Main.storyboard; sourceTree = "<group>"; };
		584B64E01E5D9A8000D31B7B /* Assets.xcassets */ = {isa = PBXFileReference; lastKnownFileType = folder.assetcatalog; path = Assets.xcassets; sourceTree = "<group>"; };
		584B64E31E5D9A8000D31B7B /* Base */ = {isa = PBXFileReference; lastKnownFileType = file.storyboard; name = Base; path = Base.lproj/LaunchScreen.storyboard; sourceTree = "<group>"; };
		584B64E51E5D9A8000D31B7B /* Info.plist */ = {isa = PBXFileReference; lastKnownFileType = text.plist.xml; path = Info.plist; sourceTree = "<group>"; };
		584B64EA1E5D9A8000D31B7B /* ZKAlertViewTests.xctest */ = {isa = PBXFileReference; explicitFileType = wrapper.cfbundle; includeInIndex = 0; path = ZKAlertViewTests.xctest; sourceTree = BUILT_PRODUCTS_DIR; };
		584B64EE1E5D9A8000D31B7B /* ZKAlertViewTests.m */ = {isa = PBXFileReference; lastKnownFileType = sourcecode.c.objc; path = ZKAlertViewTests.m; sourceTree = "<group>"; };
		584B64F01E5D9A8000D31B7B /* Info.plist */ = {isa = PBXFileReference; lastKnownFileType = text.plist.xml; path = Info.plist; sourceTree = "<group>"; };
		584B64F51E5D9A8000D31B7B /* ZKAlertViewUITests.xctest */ = {isa = PBXFileReference; explicitFileType = wrapper.cfbundle; includeInIndex = 0; path = ZKAlertViewUITests.xctest; sourceTree = BUILT_PRODUCTS_DIR; };
		584B64F91E5D9A8100D31B7B /* ZKAlertViewUITests.m */ = {isa = PBXFileReference; lastKnownFileType = sourcecode.c.objc; path = ZKAlertViewUITests.m; sourceTree = "<group>"; };
		584B64FB1E5D9A8100D31B7B /* Info.plist */ = {isa = PBXFileReference; lastKnownFileType = text.plist.xml; path = Info.plist; sourceTree = "<group>"; };
		584B65081E5D9AF200D31B7B /* ZKAlertView.bundle */ = {isa = PBXFileReference; lastKnownFileType = "wrapper.plug-in"; path = ZKAlertView.bundle; sourceTree = "<group>"; };
		584B65091E5D9AF200D31B7B /* ZKAlertView.h */ = {isa = PBXFileReference; fileEncoding = 4; lastKnownFileType = sourcecode.c.h; path = ZKAlertView.h; sourceTree = "<group>"; };
		584B650A1E5D9AF200D31B7B /* ZKAlertView.m */ = {isa = PBXFileReference; fileEncoding = 4; lastKnownFileType = sourcecode.c.objc; path = ZKAlertView.m; sourceTree = "<group>"; };
/* End PBXFileReference section */

/* Begin PBXFrameworksBuildPhase section */
		584B64CE1E5D9A8000D31B7B /* Frameworks */ = {
			isa = PBXFrameworksBuildPhase;
			buildActionMask = 2147483647;
			files = (
			);
			runOnlyForDeploymentPostprocessing = 0;
		};
		584B64E71E5D9A8000D31B7B /* Frameworks */ = {
			isa = PBXFrameworksBuildPhase;
			buildActionMask = 2147483647;
			files = (
			);
			runOnlyForDeploymentPostprocessing = 0;
		};
		584B64F21E5D9A8000D31B7B /* Frameworks */ = {
			isa = PBXFrameworksBuildPhase;
			buildActionMask = 2147483647;
			files = (
			);
			runOnlyForDeploymentPostprocessing = 0;
		};
/* End PBXFrameworksBuildPhase section */

/* Begin PBXGroup section */
		584B64C81E5D9A8000D31B7B = {
			isa = PBXGroup;
			children = (
				584B64D31E5D9A8000D31B7B /* ZKAlertView */,
				584B64ED1E5D9A8000D31B7B /* ZKAlertViewTests */,
				584B64F81E5D9A8100D31B7B /* ZKAlertViewUITests */,
				584B64D21E5D9A8000D31B7B /* Products */,
			);
			sourceTree = "<group>";
		};
		584B64D21E5D9A8000D31B7B /* Products */ = {
			isa = PBXGroup;
			children = (
				584B64D11E5D9A8000D31B7B /* ZKAlertView.app */,
				584B64EA1E5D9A8000D31B7B /* ZKAlertViewTests.xctest */,
				584B64F51E5D9A8000D31B7B /* ZKAlertViewUITests.xctest */,
			);
			name = Products;
			sourceTree = "<group>";
		};
		584B64D31E5D9A8000D31B7B /* ZKAlertView */ = {
			isa = PBXGroup;
			children = (
				584B65071E5D9ADD00D31B7B /* ZKAlertView */,
				584B64D71E5D9A8000D31B7B /* AppDelegate.h */,
				584B64D81E5D9A8000D31B7B /* AppDelegate.m */,
				584B64DA1E5D9A8000D31B7B /* ViewController.h */,
				584B64DB1E5D9A8000D31B7B /* ViewController.m */,
				584B64DD1E5D9A8000D31B7B /* Main.storyboard */,
				584B64E01E5D9A8000D31B7B /* Assets.xcassets */,
				584B64E21E5D9A8000D31B7B /* LaunchScreen.storyboard */,
				584B64E51E5D9A8000D31B7B /* Info.plist */,
				584B64D41E5D9A8000D31B7B /* Supporting Files */,
			);
			path = ZKAlertView;
			sourceTree = "<group>";
		};
		584B64D41E5D9A8000D31B7B /* Supporting Files */ = {
			isa = PBXGroup;
			children = (
				584B64D51E5D9A8000D31B7B /* main.m */,
			);
			name = "Supporting Files";
			sourceTree = "<group>";
		};
		584B64ED1E5D9A8000D31B7B /* ZKAlertViewTests */ = {
			isa = PBXGroup;
			children = (
				584B64EE1E5D9A8000D31B7B /* ZKAlertViewTests.m */,
				584B64F01E5D9A8000D31B7B /* Info.plist */,
			);
			path = ZKAlertViewTests;
			sourceTree = "<group>";
		};
		584B64F81E5D9A8100D31B7B /* ZKAlertViewUITests */ = {
			isa = PBXGroup;
			children = (
				584B64F91E5D9A8100D31B7B /* ZKAlertViewUITests.m */,
				584B64FB1E5D9A8100D31B7B /* Info.plist */,
			);
			path = ZKAlertViewUITests;
			sourceTree = "<group>";
		};
		584B65071E5D9ADD00D31B7B /* ZKAlertView */ = {
			isa = PBXGroup;
			children = (
				584B65081E5D9AF200D31B7B /* ZKAlertView.bundle */,
				584B65091E5D9AF200D31B7B /* ZKAlertView.h */,
				584B650A1E5D9AF200D31B7B /* ZKAlertView.m */,
			);
			path = ZKAlertView;
			sourceTree = "<group>";
		};
/* End PBXGroup section */

/* Begin PBXNativeTarget section */
		584B64D01E5D9A8000D31B7B /* ZKAlertView */ = {
			isa = PBXNativeTarget;
			buildConfigurationList = 584B64FE1E5D9A8100D31B7B /* Build configuration list for PBXNativeTarget "ZKAlertView" */;
			buildPhases = (
				584B64CD1E5D9A8000D31B7B /* Sources */,
				584B64CE1E5D9A8000D31B7B /* Frameworks */,
				584B64CF1E5D9A8000D31B7B /* Resources */,
			);
			buildRules = (
			);
			dependencies = (
			);
			name = ZKAlertView;
			productName = ZKAlertView;
			productReference = 584B64D11E5D9A8000D31B7B /* ZKAlertView.app */;
			productType = "com.apple.product-type.application";
		};
		584B64E91E5D9A8000D31B7B /* ZKAlertViewTests */ = {
			isa = PBXNativeTarget;
			buildConfigurationList = 584B65011E5D9A8100D31B7B /* Build configuration list for PBXNativeTarget "ZKAlertViewTests" */;
			buildPhases = (
				584B64E61E5D9A8000D31B7B /* Sources */,
				584B64E71E5D9A8000D31B7B /* Frameworks */,
				584B64E81E5D9A8000D31B7B /* Resources */,
			);
			buildRules = (
			);
			dependencies = (
				584B64EC1E5D9A8000D31B7B /* PBXTargetDependency */,
			);
			name = ZKAlertViewTests;
			productName = ZKAlertViewTests;
			productReference = 584B64EA1E5D9A8000D31B7B /* ZKAlertViewTests.xctest */;
			productType = "com.apple.product-type.bundle.unit-test";
		};
		584B64F41E5D9A8000D31B7B /* ZKAlertViewUITests */ = {
			isa = PBXNativeTarget;
			buildConfigurationList = 584B65041E5D9A8100D31B7B /* Build configuration list for PBXNativeTarget "ZKAlertViewUITests" */;
			buildPhases = (
				584B64F11E5D9A8000D31B7B /* Sources */,
				584B64F21E5D9A8000D31B7B /* Frameworks */,
				584B64F31E5D9A8000D31B7B /* Resources */,
			);
			buildRules = (
			);
			dependencies = (
				584B64F71E5D9A8100D31B7B /* PBXTargetDependency */,
			);
			name = ZKAlertViewUITests;
			productName = ZKAlertViewUITests;
			productReference = 584B64F51E5D9A8000D31B7B /* ZKAlertViewUITests.xctest */;
			productType = "com.apple.product-type.bundle.ui-testing";
		};
/* End PBXNativeTarget section */

/* Begin PBXProject section */
		584B64C91E5D9A8000D31B7B /* Project object */ = {
			isa = PBXProject;
			attributes = {
				LastUpgradeCheck = 0820;
				ORGANIZATIONNAME = ZK;
				TargetAttributes = {
					584B64D01E5D9A8000D31B7B = {
						CreatedOnToolsVersion = 8.2;
						DevelopmentTeam = 9S49W485R2;
						ProvisioningStyle = Automatic;
					};
					584B64E91E5D9A8000D31B7B = {
						CreatedOnToolsVersion = 8.2;
						DevelopmentTeam = 9S49W485R2;
						ProvisioningStyle = Automatic;
						TestTargetID = 584B64D01E5D9A8000D31B7B;
					};
					584B64F41E5D9A8000D31B7B = {
						CreatedOnToolsVersion = 8.2;
						DevelopmentTeam = 9S49W485R2;
						ProvisioningStyle = Automatic;
						TestTargetID = 584B64D01E5D9A8000D31B7B;
					};
				};
			};
			buildConfigurationList = 584B64CC1E5D9A8000D31B7B /* Build configuration list for PBXProject "ZKAlertView" */;
			compatibilityVersion = "Xcode 3.2";
			developmentRegion = English;
			hasScannedForEncodings = 0;
			knownRegions = (
				en,
				Base,
			);
			mainGroup = 584B64C81E5D9A8000D31B7B;
			productRefGroup = 584B64D21E5D9A8000D31B7B /* Products */;
			projectDirPath = "";
			projectRoot = "";
			targets = (
				584B64D01E5D9A8000D31B7B /* ZKAlertView */,
				584B64E91E5D9A8000D31B7B /* ZKAlertViewTests */,
				584B64F41E5D9A8000D31B7B /* ZKAlertViewUITests */,
			);
		};
/* End PBXProject section */

/* Begin PBXResourcesBuildPhase section */
		584B64CF1E5D9A8000D31B7B /* Resources */ = {
			isa = PBXResourcesBuildPhase;
			buildActionMask = 2147483647;
			files = (
				584B64E41E5D9A8000D31B7B /* LaunchScreen.storyboard in Resources */,
				584B650B1E5D9AF200D31B7B /* ZKAlertView.bundle in Resources */,
				584B64E11E5D9A8000D31B7B /* Assets.xcassets in Resources */,
				584B64DF1E5D9A8000D31B7B /* Main.storyboard in Resources */,
			);
			runOnlyForDeploymentPostprocessing = 0;
		};
		584B64E81E5D9A8000D31B7B /* Resources */ = {
			isa = PBXResourcesBuildPhase;
			buildActionMask = 2147483647;
			files = (
			);
			runOnlyForDeploymentPostprocessing = 0;
		};
		584B64F31E5D9A8000D31B7B /* Resources */ = {
			isa = PBXResourcesBuildPhase;
			buildActionMask = 2147483647;
			files = (
			);
			runOnlyForDeploymentPostprocessing = 0;
		};
/* End PBXResourcesBuildPhase section */

/* Begin PBXSourcesBuildPhase section */
		584B64CD1E5D9A8000D31B7B /* Sources */ = {
			isa = PBXSourcesBuildPhase;
			buildActionMask = 2147483647;
			files = (
				584B64DC1E5D9A8000D31B7B /* ViewController.m in Sources */,
				584B64D91E5D9A8000D31B7B /* AppDelegate.m in Sources */,
				584B64D61E5D9A8000D31B7B /* main.m in Sources */,
				584B650C1E5D9AF200D31B7B /* ZKAlertView.m in Sources */,
			);
			runOnlyForDeploymentPostprocessing = 0;
		};
		584B64E61E5D9A8000D31B7B /* Sources */ = {
			isa = PBXSourcesBuildPhase;
			buildActionMask = 2147483647;
			files = (
				584B64EF1E5D9A8000D31B7B /* ZKAlertViewTests.m in Sources */,
			);
			runOnlyForDeploymentPostprocessing = 0;
		};
		584B64F11E5D9A8000D31B7B /* Sources */ = {
			isa = PBXSourcesBuildPhase;
			buildActionMask = 2147483647;
			files = (
				584B64FA1E5D9A8100D31B7B /* ZKAlertViewUITests.m in Sources */,
			);
			runOnlyForDeploymentPostprocessing = 0;
		};
/* End PBXSourcesBuildPhase section */

/* Begin PBXTargetDependency section */
		584B64EC1E5D9A8000D31B7B /* PBXTargetDependency */ = {
			isa = PBXTargetDependency;
			target = 584B64D01E5D9A8000D31B7B /* ZKAlertView */;
			targetProxy = 584B64EB1E5D9A8000D31B7B /* PBXContainerItemProxy */;
		};
		584B64F71E5D9A8100D31B7B /* PBXTargetDependency */ = {
			isa = PBXTargetDependency;
			target = 584B64D01E5D9A8000D31B7B /* ZKAlertView */;
			targetProxy = 584B64F61E5D9A8100D31B7B /* PBXContainerItemProxy */;
		};
/* End PBXTargetDependency section */

/* Begin PBXVariantGroup section */
		584B64DD1E5D9A8000D31B7B /* Main.storyboard */ = {
			isa = PBXVariantGroup;
			children = (
				584B64DE1E5D9A8000D31B7B /* Base */,
			);
			name = Main.storyboard;
			sourceTree = "<group>";
		};
		584B64E21E5D9A8000D31B7B /* LaunchScreen.storyboard */ = {
			isa = PBXVariantGroup;
			children = (
				584B64E31E5D9A8000D31B7B /* Base */,
			);
			name = LaunchScreen.storyboard;
			sourceTree = "<group>";
		};
/* End PBXVariantGroup section */

/* Begin XCBuildConfiguration section */
		584B64FC1E5D9A8100D31B7B /* Debug */ = {
			isa = XCBuildConfiguration;
			buildSettings = {
				ALWAYS_SEARCH_USER_PATHS = NO;
				CLANG_ANALYZER_NONNULL = YES;
				CLANG_CXX_LANGUAGE_STANDARD = "gnu++0x";
				CLANG_CXX_LIBRARY = "libc++";
				CLANG_ENABLE_MODULES = YES;
				CLANG_ENABLE_OBJC_ARC = YES;
				CLANG_WARN_BOOL_CONVERSION = YES;
				CLANG_WARN_CONSTANT_CONVERSION = YES;
				CLANG_WARN_DIRECT_OBJC_ISA_USAGE = YES_ERROR;
				CLANG_WARN_DOCUMENTATION_COMMENTS = YES;
				CLANG_WARN_EMPTY_BODY = YES;
				CLANG_WARN_ENUM_CONVERSION = YES;
				CLANG_WARN_INFINITE_RECURSION = YES;
				CLANG_WARN_INT_CONVERSION = YES;
				CLANG_WARN_OBJC_ROOT_CLASS = YES_ERROR;
				CLANG_WARN_SUSPICIOUS_MOVE = YES;
				CLANG_WARN_UNREACHABLE_CODE = YES;
				CLANG_WARN__DUPLICATE_METHOD_MATCH = YES;
				"CODE_SIGN_IDENTITY[sdk=iphoneos*]" = "iPhone Developer";
				COPY_PHASE_STRIP = NO;
				DEBUG_INFORMATION_FORMAT = dwarf;
				ENABLE_STRICT_OBJC_MSGSEND = YES;
				ENABLE_TESTABILITY = YES;
				GCC_C_LANGUAGE_STANDARD = gnu99;
				GCC_DYNAMIC_NO_PIC = NO;
				GCC_NO_COMMON_BLOCKS = YES;
				GCC_OPTIMIZATION_LEVEL = 0;
				GCC_PREPROCESSOR_DEFINITIONS = (
					"DEBUG=1",
					"$(inherited)",
				);
				GCC_WARN_64_TO_32_BIT_CONVERSION = YES;
				GCC_WARN_ABOUT_RETURN_TYPE = YES_ERROR;
				GCC_WARN_UNDECLARED_SELECTOR = YES;
				GCC_WARN_UNINITIALIZED_AUTOS = YES_AGGRESSIVE;
				GCC_WARN_UNUSED_FUNCTION = YES;
				GCC_WARN_UNUSED_VARIABLE = YES;
				IPHONEOS_DEPLOYMENT_TARGET = 10.2;
				MTL_ENABLE_DEBUG_INFO = YES;
				ONLY_ACTIVE_ARCH = YES;
				SDKROOT = iphoneos;
			};
			name = Debug;
		};
		584B64FD1E5D9A8100D31B7B /* Release */ = {
			isa = XCBuildConfiguration;
			buildSettings = {
				ALWAYS_SEARCH_USER_PATHS = NO;
				CLANG_ANALYZER_NONNULL = YES;
				CLANG_CXX_LANGUAGE_STANDARD = "gnu++0x";
				CLANG_CXX_LIBRARY = "libc++";
				CLANG_ENABLE_MODULES = YES;
				CLANG_ENABLE_OBJC_ARC = YES;
				CLANG_WARN_BOOL_CONVERSION = YES;
				CLANG_WARN_CONSTANT_CONVERSION = YES;
				CLANG_WARN_DIRECT_OBJC_ISA_USAGE = YES_ERROR;
				CLANG_WARN_DOCUMENTATION_COMMENTS = YES;
				CLANG_WARN_EMPTY_BODY = YES;
				CLANG_WARN_ENUM_CONVERSION = YES;
				CLANG_WARN_INFINITE_RECURSION = YES;
				CLANG_WARN_INT_CONVERSION = YES;
				CLANG_WARN_OBJC_ROOT_CLASS = YES_ERROR;
				CLANG_WARN_SUSPICIOUS_MOVE = YES;
				CLANG_WARN_UNREACHABLE_CODE = YES;
				CLANG_WARN__DUPLICATE_METHOD_MATCH = YES;
				"CODE_SIGN_IDENTITY[sdk=iphoneos*]" = "iPhone Developer";
				COPY_PHASE_STRIP = NO;
				DEBUG_INFORMATION_FORMAT = "dwarf-with-dsym";
				ENABLE_NS_ASSERTIONS = NO;
				ENABLE_STRICT_OBJC_MSGSEND = YES;
				GCC_C_LANGUAGE_STANDARD = gnu99;
				GCC_NO_COMMON_BLOCKS = YES;
				GCC_WARN_64_TO_32_BIT_CONVERSION = YES;
				GCC_WARN_ABOUT_RETURN_TYPE = YES_ERROR;
				GCC_WARN_UNDECLARED_SELECTOR = YES;
				GCC_WARN_UNINITIALIZED_AUTOS = YES_AGGRESSIVE;
				GCC_WARN_UNUSED_FUNCTION = YES;
				GCC_WARN_UNUSED_VARIABLE = YES;
				IPHONEOS_DEPLOYMENT_TARGET = 10.2;
				MTL_ENABLE_DEBUG_INFO = NO;
				SDKROOT = iphoneos;
				VALIDATE_PRODUCT = YES;
			};
			name = Release;
		};
		584B64FF1E5D9A8100D31B7B /* Debug */ = {
			isa = XCBuildConfiguration;
			buildSettings = {
				ASSETCATALOG_COMPILER_APPICON_NAME = AppIcon;
				DEVELOPMENT_TEAM = 9S49W485R2;
				INFOPLIST_FILE = ZKAlertView/Info.plist;
				LD_RUNPATH_SEARCH_PATHS = "$(inherited) @executable_path/Frameworks";
				PRODUCT_BUNDLE_IDENTIFIER = com.zk.ZKAlertView;
				PRODUCT_NAME = "$(TARGET_NAME)";
			};
			name = Debug;
		};
		584B65001E5D9A8100D31B7B /* Release */ = {
			isa = XCBuildConfiguration;
			buildSettings = {
				ASSETCATALOG_COMPILER_APPICON_NAME = AppIcon;
				DEVELOPMENT_TEAM = 9S49W485R2;
				INFOPLIST_FILE = ZKAlertView/Info.plist;
				LD_RUNPATH_SEARCH_PATHS = "$(inherited) @executable_path/Frameworks";
				PRODUCT_BUNDLE_IDENTIFIER = com.zk.ZKAlertView;
				PRODUCT_NAME = "$(TARGET_NAME)";
			};
			name = Release;
		};
		584B65021E5D9A8100D31B7B /* Debug */ = {
			isa = XCBuildConfiguration;
			buildSettings = {
				BUNDLE_LOADER = "$(TEST_HOST)";
				DEVELOPMENT_TEAM = 9S49W485R2;
				INFOPLIST_FILE = ZKAlertViewTests/Info.plist;
				LD_RUNPATH_SEARCH_PATHS = "$(inherited) @executable_path/Frameworks @loader_path/Frameworks";
				PRODUCT_BUNDLE_IDENTIFIER = com.zk.ZKAlertViewTests;
				PRODUCT_NAME = "$(TARGET_NAME)";
				TEST_HOST = "$(BUILT_PRODUCTS_DIR)/ZKAlertView.app/ZKAlertView";
			};
			name = Debug;
		};
		584B65031E5D9A8100D31B7B /* Release */ = {
			isa = XCBuildConfiguration;
			buildSettings = {
				BUNDLE_LOADER = "$(TEST_HOST)";
				DEVELOPMENT_TEAM = 9S49W485R2;
				INFOPLIST_FILE = ZKAlertViewTests/Info.plist;
				LD_RUNPATH_SEARCH_PATHS = "$(inherited) @executable_path/Frameworks @loader_path/Frameworks";
				PRODUCT_BUNDLE_IDENTIFIER = com.zk.ZKAlertViewTests;
				PRODUCT_NAME = "$(TARGET_NAME)";
				TEST_HOST = "$(BUILT_PRODUCTS_DIR)/ZKAlertView.app/ZKAlertView";
			};
			name = Release;
		};
		584B65051E5D9A8100D31B7B /* Debug */ = {
			isa = XCBuildConfiguration;
			buildSettings = {
				DEVELOPMENT_TEAM = 9S49W485R2;
				INFOPLIST_FILE = ZKAlertViewUITests/Info.plist;
				LD_RUNPATH_SEARCH_PATHS = "$(inherited) @executable_path/Frameworks @loader_path/Frameworks";
				PRODUCT_BUNDLE_IDENTIFIER = com.zk.ZKAlertViewUITests;
				PRODUCT_NAME = "$(TARGET_NAME)";
				TEST_TARGET_NAME = ZKAlertView;
			};
			name = Debug;
		};
		584B65061E5D9A8100D31B7B /* Release */ = {
			isa = XCBuildConfiguration;
			buildSettings = {
				DEVELOPMENT_TEAM = 9S49W485R2;
				INFOPLIST_FILE = ZKAlertViewUITests/Info.plist;
				LD_RUNPATH_SEARCH_PATHS = "$(inherited) @executable_path/Frameworks @loader_path/Frameworks";
				PRODUCT_BUNDLE_IDENTIFIER = com.zk.ZKAlertViewUITests;
				PRODUCT_NAME = "$(TARGET_NAME)";
				TEST_TARGET_NAME = ZKAlertView;
			};
			name = Release;
		};
/* End XCBuildConfiguration section */

/* Begin XCConfigurationList section */
		584B64CC1E5D9A8000D31B7B /* Build configuration list for PBXProject "ZKAlertView" */ = {
			isa = XCConfigurationList;
			buildConfigurations = (
				584B64FC1E5D9A8100D31B7B /* Debug */,
				584B64FD1E5D9A8100D31B7B /* Release */,
			);
			defaultConfigurationIsVisible = 0;
			defaultConfigurationName = Release;
		};
		584B64FE1E5D9A8100D31B7B /* Build configuration list for PBXNativeTarget "ZKAlertView" */ = {
			isa = XCConfigurationList;
			buildConfigurations = (
				584B64FF1E5D9A8100D31B7B /* Debug */,
				584B65001E5D9A8100D31B7B /* Release */,
			);
			defaultConfigurationIsVisible = 0;
		};
		584B65011E5D9A8100D31B7B /* Build configuration list for PBXNativeTarget "ZKAlertViewTests" */ = {
			isa = XCConfigurationList;
			buildConfigurations = (
				584B65021E5D9A8100D31B7B /* Debug */,
				584B65031E5D9A8100D31B7B /* Release */,
			);
			defaultConfigurationIsVisible = 0;
		};
		584B65041E5D9A8100D31B7B /* Build configuration list for PBXNativeTarget "ZKAlertViewUITests" */ = {
			isa = XCConfigurationList;
			buildConfigurations = (
				584B65051E5D9A8100D31B7B /* Debug */,
				584B65061E5D9A8100D31B7B /* Release */,
			);
			defaultConfigurationIsVisible = 0;
		};
/* End XCConfigurationList section */
	};
	rootObject = 584B64C91E5D9A8000D31B7B /* Project object */;
}
